// !$*UTF8*$!
{
	archiveVersion = 1;
	classes = {
	};
	objectVersion = 46;
	objects = {

/* Begin PBXBuildFile section */
		F077EFD818DEA4BB00D75380 /* Foundation.framework in Frameworks */ = {isa = PBXBuildFile; fileRef = F077EFD718DEA4BB00D75380 /* Foundation.framework */; };
		F077EFDA18DEA4BB00D75380 /* CoreGraphics.framework in Frameworks */ = {isa = PBXBuildFile; fileRef = F077EFD918DEA4BB00D75380 /* CoreGraphics.framework */; };
		F077EFDC18DEA4BB00D75380 /* UIKit.framework in Frameworks */ = {isa = PBXBuildFile; fileRef = F077EFDB18DEA4BB00D75380 /* UIKit.framework */; };
		F077EFE218DEA4BB00D75380 /* InfoPlist.strings in Resources */ = {isa = PBXBuildFile; fileRef = F077EFE018DEA4BB00D75380 /* InfoPlist.strings */; };
		F077EFE418DEA4BB00D75380 /* main.m in Sources */ = {isa = PBXBuildFile; fileRef = F077EFE318DEA4BB00D75380 /* main.m */; };
		F077EFE818DEA4BB00D75380 /* MVFAppDelegate.m in Sources */ = {isa = PBXBuildFile; fileRef = F077EFE718DEA4BB00D75380 /* MVFAppDelegate.m */; };
		F077EFEB18DEA4BB00D75380 /* Main.storyboard in Resources */ = {isa = PBXBuildFile; fileRef = F077EFE918DEA4BB00D75380 /* Main.storyboard */; };
		F077EFEE18DEA4BB00D75380 /* MVFViewController.m in Sources */ = {isa = PBXBuildFile; fileRef = F077EFED18DEA4BB00D75380 /* MVFViewController.m */; };
		F077EFF018DEA4BB00D75380 /* Images.xcassets in Resources */ = {isa = PBXBuildFile; fileRef = F077EFEF18DEA4BB00D75380 /* Images.xcassets */; };
		F077EFF718DEA4BB00D75380 /* XCTest.framework in Frameworks */ = {isa = PBXBuildFile; fileRef = F077EFF618DEA4BB00D75380 /* XCTest.framework */; };
		F077EFF818DEA4BB00D75380 /* Foundation.framework in Frameworks */ = {isa = PBXBuildFile; fileRef = F077EFD718DEA4BB00D75380 /* Foundation.framework */; };
		F077EFF918DEA4BB00D75380 /* UIKit.framework in Frameworks */ = {isa = PBXBuildFile; fileRef = F077EFDB18DEA4BB00D75380 /* UIKit.framework */; };
		F077F00118DEA4BB00D75380 /* InfoPlist.strings in Resources */ = {isa = PBXBuildFile; fileRef = F077EFFF18DEA4BB00D75380 /* InfoPlist.strings */; };
		F077F00318DEA4BB00D75380 /* MyVeryFirstAppTests.m in Sources */ = {isa = PBXBuildFile; fileRef = F077F00218DEA4BB00D75380 /* MyVeryFirstAppTests.m */; };
/* End PBXBuildFile section */

/* Begin PBXContainerItemProxy section */
		F077EFFA18DEA4BB00D75380 /* PBXContainerItemProxy */ = {
			isa = PBXContainerItemProxy;
			containerPortal = F077EFCC18DEA4BA00D75380 /* Project object */;
			proxyType = 1;
			remoteGlobalIDString = F077EFD318DEA4BB00D75380;
			remoteInfo = MyVeryFirstApp;
		};
/* End PBXContainerItemProxy section */

/* Begin PBXFileReference section */
		F077EFD418DEA4BB00D75380 /* MyVeryFirstApp.app */ = {isa = PBXFileReference; explicitFileType = wrapper.application; includeInIndex = 0; path = MyVeryFirstApp.app; sourceTree = BUILT_PRODUCTS_DIR; };
		F077EFD718DEA4BB00D75380 /* Foundation.framework */ = {isa = PBXFileReference; lastKnownFileType = wrapper.framework; name = Foundation.framework; path = System/Library/Frameworks/Foundation.framework; sourceTree = SDKROOT; };
		F077EFD918DEA4BB00D75380 /* CoreGraphics.framework */ = {isa = PBXFileReference; lastKnownFileType = wrapper.framework; name = CoreGraphics.framework; path = System/Library/Frameworks/CoreGraphics.framework; sourceTree = SDKROOT; };
		F077EFDB18DEA4BB00D75380 /* UIKit.framework */ = {isa = PBXFileReference; lastKnownFileType = wrapper.framework; name = UIKit.framework; path = System/Library/Frameworks/UIKit.framework; sourceTree = SDKROOT; };
		F077EFDF18DEA4BB00D75380 /* MyVeryFirstApp-Info.plist */ = {isa = PBXFileReference; lastKnownFileType = text.plist.xml; path = "MyVeryFirstApp-Info.plist"; sourceTree = "<group>"; };
		F077EFE118DEA4BB00D75380 /* en */ = {isa = PBXFileReference; lastKnownFileType = text.plist.strings; name = en; path = en.lproj/InfoPlist.strings; sourceTree = "<group>"; };
		F077EFE318DEA4BB00D75380 /* main.m */ = {isa = PBXFileReference; lastKnownFileType = sourcecode.c.objc; path = main.m; sourceTree = "<group>"; };
		F077EFE518DEA4BB00D75380 /* MyVeryFirstApp-Prefix.pch */ = {isa = PBXFileReference; lastKnownFileType = sourcecode.c.h; path = "MyVeryFirstApp-Prefix.pch"; sourceTree = "<group>"; };
		F077EFE618DEA4BB00D75380 /* MVFAppDelegate.h */ = {isa = PBXFileReference; lastKnownFileType = sourcecode.c.h; path = MVFAppDelegate.h; sourceTree = "<group>"; };
		F077EFE718DEA4BB00D75380 /* MVFAppDelegate.m */ = {isa = PBXFileReference; lastKnownFileType = sourcecode.c.objc; path = MVFAppDelegate.m; sourceTree = "<group>"; };
		F077EFEA18DEA4BB00D75380 /* Base */ = {isa = PBXFileReference; lastKnownFileType = file.storyboard; name = Base; path = Base.lproj/Main.storyboard; sourceTree = "<group>"; };
		F077EFEC18DEA4BB00D75380 /* MVFViewController.h */ = {isa = PBXFileReference; lastKnownFileType = sourcecode.c.h; path = MVFViewController.h; sourceTree = "<group>"; };
		F077EFED18DEA4BB00D75380 /* MVFViewController.m */ = {isa = PBXFileReference; lastKnownFileType = sourcecode.c.objc; path = MVFViewController.m; sourceTree = "<group>"; };
		F077EFEF18DEA4BB00D75380 /* Images.xcassets */ = {isa = PBXFileReference; lastKnownFileType = folder.assetcatalog; path = Images.xcassets; sourceTree = "<group>"; };
		F077EFF518DEA4BB00D75380 /* MyVeryFirstAppTests.xctest */ = {isa = PBXFileReference; explicitFileType = wrapper.cfbundle; includeInIndex = 0; path = MyVeryFirstAppTests.xctest; sourceTree = BUILT_PRODUCTS_DIR; };
		F077EFF618DEA4BB00D75380 /* XCTest.framework */ = {isa = PBXFileReference; lastKnownFileType = wrapper.framework; name = XCTest.framework; path = Library/Frameworks/XCTest.framework; sourceTree = DEVELOPER_DIR; };
		F077EFFE18DEA4BB00D75380 /* MyVeryFirstAppTests-Info.plist */ = {isa = PBXFileReference; lastKnownFileType = text.plist.xml; path = "MyVeryFirstAppTests-Info.plist"; sourceTree = "<group>"; };
		F077F00018DEA4BB00D75380 /* en */ = {isa = PBXFileReference; lastKnownFileType = text.plist.strings; name = en; path = en.lproj/InfoPlist.strings; sourceTree = "<group>"; };
		F077F00218DEA4BB00D75380 /* MyVeryFirstAppTests.m */ = {isa = PBXFileReference; lastKnownFileType = sourcecode.c.objc; path = MyVeryFirstAppTests.m; sourceTree = "<group>"; };
/* End PBXFileReference section */

/* Begin PBXFrameworksBuildPhase section */
		F077EFD118DEA4BB00D75380 /* Frameworks */ = {
			isa = PBXFrameworksBuildPhase;
			buildActionMask = 2147483647;
			files = (
				F077EFDA18DEA4BB00D75380 /* CoreGraphics.framework in Frameworks */,
				F077EFDC18DEA4BB00D75380 /* UIKit.framework in Frameworks */,
				F077EFD818DEA4BB00D75380 /* Foundation.framework in Frameworks */,
			);
			runOnlyForDeploymentPostprocessing = 0;
		};
		F077EFF218DEA4BB00D75380 /* Frameworks */ = {
			isa = PBXFrameworksBuildPhase;
			buildActionMask = 2147483647;
			files = (
				F077EFF718DEA4BB00D75380 /* XCTest.framework in Frameworks */,
				F077EFF918DEA4BB00D75380 /* UIKit.framework in Frameworks */,
				F077EFF818DEA4BB00D75380 /* Foundation.framework in Frameworks */,
			);
			runOnlyForDeploymentPostprocessing = 0;
		};
/* End PBXFrameworksBuildPhase section */

/* Begin PBXGroup section */
		F077EFCB18DEA4BA00D75380 = {
			isa = PBXGroup;
			children = (
				F077EFDD18DEA4BB00D75380 /* MyVeryFirstApp */,
				F077EFFC18DEA4BB00D75380 /* MyVeryFirstAppTests */,
				F077EFD618DEA4BB00D75380 /* Frameworks */,
				F077EFD518DEA4BB00D75380 /* Products */,
			);
			sourceTree = "<group>";
		};
		F077EFD518DEA4BB00D75380 /* Products */ = {
			isa = PBXGroup;
			children = (
				F077EFD418DEA4BB00D75380 /* MyVeryFirstApp.app */,
				F077EFF518DEA4BB00D75380 /* MyVeryFirstAppTests.xctest */,
			);
			name = Products;
			sourceTree = "<group>";
		};
		F077EFD618DEA4BB00D75380 /* Frameworks */ = {
			isa = PBXGroup;
			children = (
				F077EFD718DEA4BB00D75380 /* Foundation.framework */,
				F077EFD918DEA4BB00D75380 /* CoreGraphics.framework */,
				F077EFDB18DEA4BB00D75380 /* UIKit.framework */,
				F077EFF618DEA4BB00D75380 /* XCTest.framework */,
			);
			name = Frameworks;
			sourceTree = "<group>";
		};
		F077EFDD18DEA4BB00D75380 /* MyVeryFirstApp */ = {
			isa = PBXGroup;
			children = (
				F077EFE618DEA4BB00D75380 /* MVFAppDelegate.h */,
				F077EFE718DEA4BB00D75380 /* MVFAppDelegate.m */,
				F077EFE918DEA4BB00D75380 /* Main.storyboard */,
				F077EFEC18DEA4BB00D75380 /* MVFViewController.h */,
				F077EFED18DEA4BB00D75380 /* MVFViewController.m */,
				F077EFEF18DEA4BB00D75380 /* Images.xcassets */,
				F077EFDE18DEA4BB00D75380 /* Supporting Files */,
			);
			path = MyVeryFirstApp;
			sourceTree = "<group>";
		};
		F077EFDE18DEA4BB00D75380 /* Supporting Files */ = {
			isa = PBXGroup;
			children = (
				F077EFDF18DEA4BB00D75380 /* MyVeryFirstApp-Info.plist */,
				F077EFE018DEA4BB00D75380 /* InfoPlist.strings */,
				F077EFE318DEA4BB00D75380 /* main.m */,
				F077EFE518DEA4BB00D75380 /* MyVeryFirstApp-Prefix.pch */,
			);
			name = "Supporting Files";
			sourceTree = "<group>";
		};
		F077EFFC18DEA4BB00D75380 /* MyVeryFirstAppTests */ = {
			isa = PBXGroup;
			children = (
				F077F00218DEA4BB00D75380 /* MyVeryFirstAppTests.m */,
				F077EFFD18DEA4BB00D75380 /* Supporting Files */,
			);
			path = MyVeryFirstAppTests;
			sourceTree = "<group>";
		};
		F077EFFD18DEA4BB00D75380 /* Supporting Files */ = {
			isa = PBXGroup;
			children = (
				F077EFFE18DEA4BB00D75380 /* MyVeryFirstAppTests-Info.plist */,
				F077EFFF18DEA4BB00D75380 /* InfoPlist.strings */,
			);
			name = "Supporting Files";
			sourceTree = "<group>";
		};
/* End PBXGroup section */

/* Begin PBXNativeTarget section */
		F077EFD318DEA4BB00D75380 /* MyVeryFirstApp */ = {
			isa = PBXNativeTarget;
			buildConfigurationList = F077F00618DEA4BB00D75380 /* Build configuration list for PBXNativeTarget "MyVeryFirstApp" */;
			buildPhases = (
				F077EFD018DEA4BB00D75380 /* Sources */,
				F077EFD118DEA4BB00D75380 /* Frameworks */,
				F077EFD218DEA4BB00D75380 /* Resources */,
			);
			buildRules = (
			);
			dependencies = (
			);
			name = MyVeryFirstApp;
			productName = MyVeryFirstApp;
			productReference = F077EFD418DEA4BB00D75380 /* MyVeryFirstApp.app */;
			productType = "com.apple.product-type.application";
		};
		F077EFF418DEA4BB00D75380 /* MyVeryFirstAppTests */ = {
			isa = PBXNativeTarget;
			buildConfigurationList = F077F00918DEA4BB00D75380 /* Build configuration list for PBXNativeTarget "MyVeryFirstAppTests" */;
			buildPhases = (
				F077EFF118DEA4BB00D75380 /* Sources */,
				F077EFF218DEA4BB00D75380 /* Frameworks */,
				F077EFF318DEA4BB00D75380 /* Resources */,
			);
			buildRules = (
			);
			dependencies = (
				F077EFFB18DEA4BB00D75380 /* PBXTargetDependency */,
			);
			name = MyVeryFirstAppTests;
			productName = MyVeryFirstAppTests;
			productReference = F077EFF518DEA4BB00D75380 /* MyVeryFirstAppTests.xctest */;
			productType = "com.apple.product-type.bundle.unit-test";
		};
/* End PBXNativeTarget section */

/* Begin PBXProject section */
		F077EFCC18DEA4BA00D75380 /* Project object */ = {
			isa = PBXProject;
			attributes = {
				CLASSPREFIX = MVF;
				LastUpgradeCheck = 0510;
				ORGANIZATIONNAME = lephuocdai;
				TargetAttributes = {
					F077EFF418DEA4BB00D75380 = {
						TestTargetID = F077EFD318DEA4BB00D75380;
					};
				};
			};
			buildConfigurationList = F077EFCF18DEA4BA00D75380 /* Build configuration list for PBXProject "MyVeryFirstApp" */;
			compatibilityVersion = "Xcode 3.2";
			developmentRegion = English;
			hasScannedForEncodings = 0;
			knownRegions = (
				en,
				Base,
			);
			mainGroup = F077EFCB18DEA4BA00D75380;
			productRefGroup = F077EFD518DEA4BB00D75380 /* Products */;
			projectDirPath = "";
			projectRoot = "";
			targets = (
				F077EFD318DEA4BB00D75380 /* MyVeryFirstApp */,
				F077EFF418DEA4BB00D75380 /* MyVeryFirstAppTests */,
			);
		};
/* End PBXProject section */

/* Begin PBXResourcesBuildPhase section */
		F077EFD218DEA4BB00D75380 /* Resources */ = {
			isa = PBXResourcesBuildPhase;
			buildActionMask = 2147483647;
			files = (
				F077EFF018DEA4BB00D75380 /* Images.xcassets in Resources */,
				F077EFE218DEA4BB00D75380 /* InfoPlist.strings in Resources */,
				F077EFEB18DEA4BB00D75380 /* Main.storyboard in Resources */,
			);
			runOnlyForDeploymentPostprocessing = 0;
		};
		F077EFF318DEA4BB00D75380 /* Resources */ = {
			isa = PBXResourcesBuildPhase;
			buildActionMask = 2147483647;
			files = (
				F077F00118DEA4BB00D75380 /* InfoPlist.strings in Resources */,
			);
			runOnlyForDeploymentPostprocessing = 0;
		};
/* End PBXResourcesBuildPhase section */

/* Begin PBXSourcesBuildPhase section */
		F077EFD018DEA4BB00D75380 /* Sources */ = {
			isa = PBXSourcesBuildPhase;
			buildActionMask = 2147483647;
			files = (
				F077EFEE18DEA4BB00D75380 /* MVFViewController.m in Sources */,
				F077EFE818DEA4BB00D75380 /* MVFAppDelegate.m in Sources */,
				F077EFE418DEA4BB00D75380 /* main.m in Sources */,
			);
			runOnlyForDeploymentPostprocessing = 0;
		};
		F077EFF118DEA4BB00D75380 /* Sources */ = {
			isa = PBXSourcesBuildPhase;
			buildActionMask = 2147483647;
			files = (
				F077F00318DEA4BB00D75380 /* MyVeryFirstAppTests.m in Sources */,
			);
			runOnlyForDeploymentPostprocessing = 0;
		};
/* End PBXSourcesBuildPhase section */

/* Begin PBXTargetDependency section */
		F077EFFB18DEA4BB00D75380 /* PBXTargetDependency */ = {
			isa = PBXTargetDependency;
			target = F077EFD318DEA4BB00D75380 /* MyVeryFirstApp */;
			targetProxy = F077EFFA18DEA4BB00D75380 /* PBXContainerItemProxy */;
		};
/* End PBXTargetDependency section */

/* Begin PBXVariantGroup section */
		F077EFE018DEA4BB00D75380 /* InfoPlist.strings */ = {
			isa = PBXVariantGroup;
			children = (
				F077EFE118DEA4BB00D75380 /* en */,
			);
			name = InfoPlist.strings;
			sourceTree = "<group>";
		};
		F077EFE918DEA4BB00D75380 /* Main.storyboard */ = {
			isa = PBXVariantGroup;
			children = (
				F077EFEA18DEA4BB00D75380 /* Base */,
			);
			name = Main.storyboard;
			sourceTree = "<group>";
		};
		F077EFFF18DEA4BB00D75380 /* InfoPlist.strings */ = {
			isa = PBXVariantGroup;
			children = (
				F077F00018DEA4BB00D75380 /* en */,
			);
			name = InfoPlist.strings;
			sourceTree = "<group>";
		};
/* End PBXVariantGroup section */

/* Begin XCBuildConfiguration section */
		F077F00418DEA4BB00D75380 /* Debug */ = {
			isa = XCBuildConfiguration;
			buildSettings = {
				ALWAYS_SEARCH_USER_PATHS = NO;
				CLANG_CXX_LANGUAGE_STANDARD = "gnu++0x";
				CLANG_CXX_LIBRARY = "libc++";
				CLANG_ENABLE_MODULES = YES;
				CLANG_ENABLE_OBJC_ARC = YES;
				CLANG_WARN_BOOL_CONVERSION = YES;
				CLANG_WARN_CONSTANT_CONVERSION = YES;
				CLANG_WARN_DIRECT_OBJC_ISA_USAGE = YES_ERROR;
				CLANG_WARN_EMPTY_BODY = YES;
				CLANG_WARN_ENUM_CONVERSION = YES;
				CLANG_WARN_INT_CONVERSION = YES;
				CLANG_WARN_OBJC_ROOT_CLASS = YES_ERROR;
				CLANG_WARN__DUPLICATE_METHOD_MATCH = YES;
				"CODE_SIGN_IDENTITY[sdk=iphoneos*]" = "iPhone Developer";
				COPY_PHASE_STRIP = NO;
				GCC_C_LANGUAGE_STANDARD = gnu99;
				GCC_DYNAMIC_NO_PIC = NO;
				GCC_OPTIMIZATION_LEVEL = 0;
				GCC_PREPROCESSOR_DEFINITIONS = (
					"DEBUG=1",
					"$(inherited)",
				);
				GCC_SYMBOLS_PRIVATE_EXTERN = NO;
				GCC_WARN_64_TO_32_BIT_CONVERSION = YES;
				GCC_WARN_ABOUT_RETURN_TYPE = YES_ERROR;
				GCC_WARN_UNDECLARED_SELECTOR = YES;
				GCC_WARN_UNINITIALIZED_AUTOS = YES_AGGRESSIVE;
				GCC_WARN_UNUSED_FUNCTION = YES;
				GCC_WARN_UNUSED_VARIABLE = YES;
				IPHONEOS_DEPLOYMENT_TARGET = 7.1;
				ONLY_ACTIVE_ARCH = YES;
				SDKROOT = iphoneos;
			};
			name = Debug;
		};
		F077F00518DEA4BB00D75380 /* Release */ = {
			isa = XCBuildConfiguration;
			buildSettings = {
				ALWAYS_SEARCH_USER_PATHS = NO;
				CLANG_CXX_LANGUAGE_STANDARD = "gnu++0x";
				CLANG_CXX_LIBRARY = "libc++";
				CLANG_ENABLE_MODULES = YES;
				CLANG_ENABLE_OBJC_ARC = YES;
				CLANG_WARN_BOOL_CONVERSION = YES;
				CLANG_WARN_CONSTANT_CONVERSION = YES;
				CLANG_WARN_DIRECT_OBJC_ISA_USAGE = YES_ERROR;
				CLANG_WARN_EMPTY_BODY = YES;
				CLANG_WARN_ENUM_CONVERSION = YES;
				CLANG_WARN_INT_CONVERSION = YES;
				CLANG_WARN_OBJC_ROOT_CLASS = YES_ERROR;
				CLANG_WARN__DUPLICATE_METHOD_MATCH = YES;
				"CODE_SIGN_IDENTITY[sdk=iphoneos*]" = "iPhone Developer";
				COPY_PHASE_STRIP = YES;
				ENABLE_NS_ASSERTIONS = NO;
				GCC_C_LANGUAGE_STANDARD = gnu99;
				GCC_WARN_64_TO_32_BIT_CONVERSION = YES;
				GCC_WARN_ABOUT_RETURN_TYPE = YES_ERROR;
				GCC_WARN_UNDECLARED_SELECTOR = YES;
				GCC_WARN_UNINITIALIZED_AUTOS = YES_AGGRESSIVE;
				GCC_WARN_UNUSED_FUNCTION = YES;
				GCC_WARN_UNUSED_VARIABLE = YES;
				IPHONEOS_DEPLOYMENT_TARGET = 7.1;
				SDKROOT = iphoneos;
				VALIDATE_PRODUCT = YES;
			};
			name = Release;
		};
		F077F00718DEA4BB00D75380 /* Debug */ = {
			isa = XCBuildConfiguration;
			buildSettings = {
				ASSETCATALOG_COMPILER_APPICON_NAME = AppIcon;
				ASSETCATALOG_COMPILER_LAUNCHIMAGE_NAME = LaunchImage;
				GCC_PRECOMPILE_PREFIX_HEADER = YES;
				GCC_PREFIX_HEADER = "MyVeryFirstApp/MyVeryFirstApp-Prefix.pch";
				INFOPLIST_FILE = "MyVeryFirstApp/MyVeryFirstApp-Info.plist";
				PRODUCT_NAME = "$(TARGET_NAME)";
				WRAPPER_EXTENSION = app;
			};
			name = Debug;
		};
		F077F00818DEA4BB00D75380 /* Release */ = {
			isa = XCBuildConfiguration;
			buildSettings = {
				ASSETCATALOG_COMPILER_APPICON_NAME = AppIcon;
				ASSETCATALOG_COMPILER_LAUNCHIMAGE_NAME = LaunchImage;
				GCC_PRECOMPILE_PREFIX_HEADER = YES;
				GCC_PREFIX_HEADER = "MyVeryFirstApp/MyVeryFirstApp-Prefix.pch";
				INFOPLIST_FILE = "MyVeryFirstApp/MyVeryFirstApp-Info.plist";
				PRODUCT_NAME = "$(TARGET_NAME)";
				WRAPPER_EXTENSION = app;
			};
			name = Release;
		};
		F077F00A18DEA4BB00D75380 /* Debug */ = {
			isa = XCBuildConfiguration;
			buildSettings = {
				BUNDLE_LOADER = "$(BUILT_PRODUCTS_DIR)/MyVeryFirstApp.app/MyVeryFirstApp";
				FRAMEWORK_SEARCH_PATHS = (
					"$(SDKROOT)/Developer/Library/Frameworks",
					"$(inherited)",
					"$(DEVELOPER_FRAMEWORKS_DIR)",
				);
				GCC_PRECOMPILE_PREFIX_HEADER = YES;
				GCC_PREFIX_HEADER = "MyVeryFirstApp/MyVeryFirstApp-Prefix.pch";
				GCC_PREPROCESSOR_DEFINITIONS = (
					"DEBUG=1",
					"$(inherited)",
				);
				INFOPLIST_FILE = "MyVeryFirstAppTests/MyVeryFirstAppTests-Info.plist";
				PRODUCT_NAME = "$(TARGET_NAME)";
				TEST_HOST = "$(BUNDLE_LOADER)";
				WRAPPER_EXTENSION = xctest;
			};
			name = Debug;
		};
		F077F00B18DEA4BB00D75380 /* Release */ = {
			isa = XCBuildConfiguration;
			buildSettings = {
				BUNDLE_LOADER = "$(BUILT_PRODUCTS_DIR)/MyVeryFirstApp.app/MyVeryFirstApp";
				FRAMEWORK_SEARCH_PATHS = (
					"$(SDKROOT)/Developer/Library/Frameworks",
					"$(inherited)",
					"$(DEVELOPER_FRAMEWORKS_DIR)",
				);
				GCC_PRECOMPILE_PREFIX_HEADER = YES;
				GCC_PREFIX_HEADER = "MyVeryFirstApp/MyVeryFirstApp-Prefix.pch";
				INFOPLIST_FILE = "MyVeryFirstAppTests/MyVeryFirstAppTests-Info.plist";
				PRODUCT_NAME = "$(TARGET_NAME)";
				TEST_HOST = "$(BUNDLE_LOADER)";
				WRAPPER_EXTENSION = xctest;
			};
			name = Release;
		};
/* End XCBuildConfiguration section */

/* Begin XCConfigurationList section */
		F077EFCF18DEA4BA00D75380 /* Build configuration list for PBXProject "MyVeryFirstApp" */ = {
			isa = XCConfigurationList;
			buildConfigurations = (
				F077F00418DEA4BB00D75380 /* Debug */,
				F077F00518DEA4BB00D75380 /* Release */,
			);
			defaultConfigurationIsVisible = 0;
			defaultConfigurationName = Release;
		};
		F077F00618DEA4BB00D75380 /* Build configuration list for PBXNativeTarget "MyVeryFirstApp" */ = {
			isa = XCConfigurationList;
			buildConfigurations = (
				F077F00718DEA4BB00D75380 /* Debug */,
				F077F00818DEA4BB00D75380 /* Release */,
			);
			defaultConfigurationIsVisible = 0;
			defaultConfigurationName = Release;
		};
		F077F00918DEA4BB00D75380 /* Build configuration list for PBXNativeTarget "MyVeryFirstAppTests" */ = {
			isa = XCConfigurationList;
			buildConfigurations = (
				F077F00A18DEA4BB00D75380 /* Debug */,
				F077F00B18DEA4BB00D75380 /* Release */,
			);
			defaultConfigurationIsVisible = 0;
			defaultConfigurationName = Release;
		};
/* End XCConfigurationList section */
	};
	rootObject = F077EFCC18DEA4BA00D75380 /* Project object */;
}
