// !$*UTF8*$!
{
	archiveVersion = 1;
	classes = {
	};
	objectVersion = 46;
	objects = {

/* Begin PBXBuildFile section */
		F043621C191783480003C6FB /* Foundation.framework in Frameworks */ = {isa = PBXBuildFile; fileRef = F043621B191783480003C6FB /* Foundation.framework */; };
		F043621E191783480003C6FB /* CoreGraphics.framework in Frameworks */ = {isa = PBXBuildFile; fileRef = F043621D191783480003C6FB /* CoreGraphics.framework */; };
		F0436220191783480003C6FB /* UIKit.framework in Frameworks */ = {isa = PBXBuildFile; fileRef = F043621F191783480003C6FB /* UIKit.framework */; };
		F0436226191783480003C6FB /* InfoPlist.strings in Resources */ = {isa = PBXBuildFile; fileRef = F0436224191783480003C6FB /* InfoPlist.strings */; };
		F0436228191783480003C6FB /* main.m in Sources */ = {isa = PBXBuildFile; fileRef = F0436227191783480003C6FB /* main.m */; };
		F043622C191783480003C6FB /* AppDelegate.m in Sources */ = {isa = PBXBuildFile; fileRef = F043622B191783480003C6FB /* AppDelegate.m */; };
		F043622F191783480003C6FB /* Main.storyboard in Resources */ = {isa = PBXBuildFile; fileRef = F043622D191783480003C6FB /* Main.storyboard */; };
		F0436232191783480003C6FB /* ViewController.m in Sources */ = {isa = PBXBuildFile; fileRef = F0436231191783480003C6FB /* ViewController.m */; };
		F0436234191783480003C6FB /* Images.xcassets in Resources */ = {isa = PBXBuildFile; fileRef = F0436233191783480003C6FB /* Images.xcassets */; };
		F043623B191783480003C6FB /* XCTest.framework in Frameworks */ = {isa = PBXBuildFile; fileRef = F043623A191783480003C6FB /* XCTest.framework */; };
		F043623C191783480003C6FB /* Foundation.framework in Frameworks */ = {isa = PBXBuildFile; fileRef = F043621B191783480003C6FB /* Foundation.framework */; };
		F043623D191783480003C6FB /* UIKit.framework in Frameworks */ = {isa = PBXBuildFile; fileRef = F043621F191783480003C6FB /* UIKit.framework */; };
		F0436245191783490003C6FB /* InfoPlist.strings in Resources */ = {isa = PBXBuildFile; fileRef = F0436243191783490003C6FB /* InfoPlist.strings */; };
		F0436247191783490003C6FB /* BallRollingTests.m in Sources */ = {isa = PBXBuildFile; fileRef = F0436246191783490003C6FB /* BallRollingTests.m */; };
		F043625C191783930003C6FB /* base.png in Resources */ = {isa = PBXBuildFile; fileRef = F0436251191783930003C6FB /* base.png */; };
		F043625D191783930003C6FB /* game_over.png in Resources */ = {isa = PBXBuildFile; fileRef = F0436252191783930003C6FB /* game_over.png */; };
		F043625E191783930003C6FB /* gem.png in Resources */ = {isa = PBXBuildFile; fileRef = F0436253191783930003C6FB /* gem.png */; };
		F043625F191783930003C6FB /* Gem2.png in Resources */ = {isa = PBXBuildFile; fileRef = F0436254191783930003C6FB /* Gem2.png */; };
		F0436260191783930003C6FB /* goal.png in Resources */ = {isa = PBXBuildFile; fileRef = F0436255191783930003C6FB /* goal.png */; };
		F0436261191783930003C6FB /* hit.png in Resources */ = {isa = PBXBuildFile; fileRef = F0436256191783930003C6FB /* hit.png */; };
		F0436262191783930003C6FB /* icon.png in Resources */ = {isa = PBXBuildFile; fileRef = F0436257191783930003C6FB /* icon.png */; };
		F0436263191783930003C6FB /* pin.png in Resources */ = {isa = PBXBuildFile; fileRef = F0436258191783930003C6FB /* pin.png */; };
		F0436264191783930003C6FB /* start.png in Resources */ = {isa = PBXBuildFile; fileRef = F0436259191783930003C6FB /* start.png */; };
		F0436265191783930003C6FB /* sound-0001.caf in Resources */ = {isa = PBXBuildFile; fileRef = F043625B191783930003C6FB /* sound-0001.caf */; };
		F043626719179E230003C6FB /* CoreMotion.framework in Frameworks */ = {isa = PBXBuildFile; fileRef = F043626619179E230003C6FB /* CoreMotion.framework */; };
/* End PBXBuildFile section */

/* Begin PBXContainerItemProxy section */
		F043623E191783480003C6FB /* PBXContainerItemProxy */ = {
			isa = PBXContainerItemProxy;
			containerPortal = F0436210191783480003C6FB /* Project object */;
			proxyType = 1;
			remoteGlobalIDString = F0436217191783480003C6FB;
			remoteInfo = BallRolling;
		};
/* End PBXContainerItemProxy section */

/* Begin PBXFileReference section */
		F0436218191783480003C6FB /* BallRolling.app */ = {isa = PBXFileReference; explicitFileType = wrapper.application; includeInIndex = 0; path = BallRolling.app; sourceTree = BUILT_PRODUCTS_DIR; };
		F043621B191783480003C6FB /* Foundation.framework */ = {isa = PBXFileReference; lastKnownFileType = wrapper.framework; name = Foundation.framework; path = System/Library/Frameworks/Foundation.framework; sourceTree = SDKROOT; };
		F043621D191783480003C6FB /* CoreGraphics.framework */ = {isa = PBXFileReference; lastKnownFileType = wrapper.framework; name = CoreGraphics.framework; path = System/Library/Frameworks/CoreGraphics.framework; sourceTree = SDKROOT; };
		F043621F191783480003C6FB /* UIKit.framework */ = {isa = PBXFileReference; lastKnownFileType = wrapper.framework; name = UIKit.framework; path = System/Library/Frameworks/UIKit.framework; sourceTree = SDKROOT; };
		F0436223191783480003C6FB /* BallRolling-Info.plist */ = {isa = PBXFileReference; lastKnownFileType = text.plist.xml; path = "BallRolling-Info.plist"; sourceTree = "<group>"; };
		F0436225191783480003C6FB /* en */ = {isa = PBXFileReference; lastKnownFileType = text.plist.strings; name = en; path = en.lproj/InfoPlist.strings; sourceTree = "<group>"; };
		F0436227191783480003C6FB /* main.m */ = {isa = PBXFileReference; lastKnownFileType = sourcecode.c.objc; path = main.m; sourceTree = "<group>"; };
		F0436229191783480003C6FB /* BallRolling-Prefix.pch */ = {isa = PBXFileReference; lastKnownFileType = sourcecode.c.h; path = "BallRolling-Prefix.pch"; sourceTree = "<group>"; };
		F043622A191783480003C6FB /* AppDelegate.h */ = {isa = PBXFileReference; lastKnownFileType = sourcecode.c.h; path = AppDelegate.h; sourceTree = "<group>"; };
		F043622B191783480003C6FB /* AppDelegate.m */ = {isa = PBXFileReference; lastKnownFileType = sourcecode.c.objc; path = AppDelegate.m; sourceTree = "<group>"; };
		F043622E191783480003C6FB /* Base */ = {isa = PBXFileReference; lastKnownFileType = file.storyboard; name = Base; path = Base.lproj/Main.storyboard; sourceTree = "<group>"; };
		F0436230191783480003C6FB /* ViewController.h */ = {isa = PBXFileReference; lastKnownFileType = sourcecode.c.h; path = ViewController.h; sourceTree = "<group>"; };
		F0436231191783480003C6FB /* ViewController.m */ = {isa = PBXFileReference; lastKnownFileType = sourcecode.c.objc; path = ViewController.m; sourceTree = "<group>"; };
		F0436233191783480003C6FB /* Images.xcassets */ = {isa = PBXFileReference; lastKnownFileType = folder.assetcatalog; path = Images.xcassets; sourceTree = "<group>"; };
		F0436239191783480003C6FB /* BallRollingTests.xctest */ = {isa = PBXFileReference; explicitFileType = wrapper.cfbundle; includeInIndex = 0; path = BallRollingTests.xctest; sourceTree = BUILT_PRODUCTS_DIR; };
		F043623A191783480003C6FB /* XCTest.framework */ = {isa = PBXFileReference; lastKnownFileType = wrapper.framework; name = XCTest.framework; path = Library/Frameworks/XCTest.framework; sourceTree = DEVELOPER_DIR; };
		F0436242191783490003C6FB /* BallRollingTests-Info.plist */ = {isa = PBXFileReference; lastKnownFileType = text.plist.xml; path = "BallRollingTests-Info.plist"; sourceTree = "<group>"; };
		F0436244191783490003C6FB /* en */ = {isa = PBXFileReference; lastKnownFileType = text.plist.strings; name = en; path = en.lproj/InfoPlist.strings; sourceTree = "<group>"; };
		F0436246191783490003C6FB /* BallRollingTests.m */ = {isa = PBXFileReference; lastKnownFileType = sourcecode.c.objc; path = BallRollingTests.m; sourceTree = "<group>"; };
		F0436251191783930003C6FB /* base.png */ = {isa = PBXFileReference; lastKnownFileType = image.png; path = base.png; sourceTree = "<group>"; };
		F0436252191783930003C6FB /* game_over.png */ = {isa = PBXFileReference; lastKnownFileType = image.png; path = game_over.png; sourceTree = "<group>"; };
		F0436253191783930003C6FB /* gem.png */ = {isa = PBXFileReference; lastKnownFileType = image.png; path = gem.png; sourceTree = "<group>"; };
		F0436254191783930003C6FB /* Gem2.png */ = {isa = PBXFileReference; lastKnownFileType = image.png; path = Gem2.png; sourceTree = "<group>"; };
		F0436255191783930003C6FB /* goal.png */ = {isa = PBXFileReference; lastKnownFileType = image.png; path = goal.png; sourceTree = "<group>"; };
		F0436256191783930003C6FB /* hit.png */ = {isa = PBXFileReference; lastKnownFileType = image.png; path = hit.png; sourceTree = "<group>"; };
		F0436257191783930003C6FB /* icon.png */ = {isa = PBXFileReference; lastKnownFileType = image.png; path = icon.png; sourceTree = "<group>"; };
		F0436258191783930003C6FB /* pin.png */ = {isa = PBXFileReference; lastKnownFileType = image.png; path = pin.png; sourceTree = "<group>"; };
		F0436259191783930003C6FB /* start.png */ = {isa = PBXFileReference; lastKnownFileType = image.png; path = start.png; sourceTree = "<group>"; };
		F043625B191783930003C6FB /* sound-0001.caf */ = {isa = PBXFileReference; lastKnownFileType = file; path = "sound-0001.caf"; sourceTree = "<group>"; };
		F043626619179E230003C6FB /* CoreMotion.framework */ = {isa = PBXFileReference; lastKnownFileType = wrapper.framework; name = CoreMotion.framework; path = System/Library/Frameworks/CoreMotion.framework; sourceTree = SDKROOT; };
/* End PBXFileReference section */

/* Begin PBXFrameworksBuildPhase section */
		F0436215191783480003C6FB /* Frameworks */ = {
			isa = PBXFrameworksBuildPhase;
			buildActionMask = 2147483647;
			files = (
				F043626719179E230003C6FB /* CoreMotion.framework in Frameworks */,
				F043621E191783480003C6FB /* CoreGraphics.framework in Frameworks */,
				F0436220191783480003C6FB /* UIKit.framework in Frameworks */,
				F043621C191783480003C6FB /* Foundation.framework in Frameworks */,
			);
			runOnlyForDeploymentPostprocessing = 0;
		};
		F0436236191783480003C6FB /* Frameworks */ = {
			isa = PBXFrameworksBuildPhase;
			buildActionMask = 2147483647;
			files = (
				F043623B191783480003C6FB /* XCTest.framework in Frameworks */,
				F043623D191783480003C6FB /* UIKit.framework in Frameworks */,
				F043623C191783480003C6FB /* Foundation.framework in Frameworks */,
			);
			runOnlyForDeploymentPostprocessing = 0;
		};
/* End PBXFrameworksBuildPhase section */

/* Begin PBXGroup section */
		F043620F191783480003C6FB = {
			isa = PBXGroup;
			children = (
				F0436221191783480003C6FB /* BallRolling */,
				F0436240191783480003C6FB /* BallRollingTests */,
				F043621A191783480003C6FB /* Frameworks */,
				F0436219191783480003C6FB /* Products */,
			);
			sourceTree = "<group>";
		};
		F0436219191783480003C6FB /* Products */ = {
			isa = PBXGroup;
			children = (
				F0436218191783480003C6FB /* BallRolling.app */,
				F0436239191783480003C6FB /* BallRollingTests.xctest */,
			);
			name = Products;
			sourceTree = "<group>";
		};
		F043621A191783480003C6FB /* Frameworks */ = {
			isa = PBXGroup;
			children = (
				F043626619179E230003C6FB /* CoreMotion.framework */,
				F043621B191783480003C6FB /* Foundation.framework */,
				F043621D191783480003C6FB /* CoreGraphics.framework */,
				F043621F191783480003C6FB /* UIKit.framework */,
				F043623A191783480003C6FB /* XCTest.framework */,
			);
			name = Frameworks;
			sourceTree = "<group>";
		};
		F0436221191783480003C6FB /* BallRolling */ = {
			isa = PBXGroup;
			children = (
				F0436250191783930003C6FB /* Images */,
				F043625A191783930003C6FB /* Sounnds */,
				F043622A191783480003C6FB /* AppDelegate.h */,
				F043622B191783480003C6FB /* AppDelegate.m */,
				F043622D191783480003C6FB /* Main.storyboard */,
				F0436230191783480003C6FB /* ViewController.h */,
				F0436231191783480003C6FB /* ViewController.m */,
				F0436233191783480003C6FB /* Images.xcassets */,
				F0436222191783480003C6FB /* Supporting Files */,
			);
			path = BallRolling;
			sourceTree = "<group>";
		};
		F0436222191783480003C6FB /* Supporting Files */ = {
			isa = PBXGroup;
			children = (
				F0436223191783480003C6FB /* BallRolling-Info.plist */,
				F0436224191783480003C6FB /* InfoPlist.strings */,
				F0436227191783480003C6FB /* main.m */,
				F0436229191783480003C6FB /* BallRolling-Prefix.pch */,
			);
			name = "Supporting Files";
			sourceTree = "<group>";
		};
		F0436240191783480003C6FB /* BallRollingTests */ = {
			isa = PBXGroup;
			children = (
				F0436246191783490003C6FB /* BallRollingTests.m */,
				F0436241191783490003C6FB /* Supporting Files */,
			);
			path = BallRollingTests;
			sourceTree = "<group>";
		};
		F0436241191783490003C6FB /* Supporting Files */ = {
			isa = PBXGroup;
			children = (
				F0436242191783490003C6FB /* BallRollingTests-Info.plist */,
				F0436243191783490003C6FB /* InfoPlist.strings */,
			);
			name = "Supporting Files";
			sourceTree = "<group>";
		};
		F0436250191783930003C6FB /* Images */ = {
			isa = PBXGroup;
			children = (
				F0436251191783930003C6FB /* base.png */,
				F0436252191783930003C6FB /* game_over.png */,
				F0436253191783930003C6FB /* gem.png */,
				F0436254191783930003C6FB /* Gem2.png */,
				F0436255191783930003C6FB /* goal.png */,
				F0436256191783930003C6FB /* hit.png */,
				F0436257191783930003C6FB /* icon.png */,
				F0436258191783930003C6FB /* pin.png */,
				F0436259191783930003C6FB /* start.png */,
			);
			path = Images;
			sourceTree = "<group>";
		};
		F043625A191783930003C6FB /* Sounnds */ = {
			isa = PBXGroup;
			children = (
				F043625B191783930003C6FB /* sound-0001.caf */,
			);
			path = Sounnds;
			sourceTree = "<group>";
		};
/* End PBXGroup section */

/* Begin PBXNativeTarget section */
		F0436217191783480003C6FB /* BallRolling */ = {
			isa = PBXNativeTarget;
			buildConfigurationList = F043624A191783490003C6FB /* Build configuration list for PBXNativeTarget "BallRolling" */;
			buildPhases = (
				F0436214191783480003C6FB /* Sources */,
				F0436215191783480003C6FB /* Frameworks */,
				F0436216191783480003C6FB /* Resources */,
			);
			buildRules = (
			);
			dependencies = (
			);
			name = BallRolling;
			productName = BallRolling;
			productReference = F0436218191783480003C6FB /* BallRolling.app */;
			productType = "com.apple.product-type.application";
		};
		F0436238191783480003C6FB /* BallRollingTests */ = {
			isa = PBXNativeTarget;
			buildConfigurationList = F043624D191783490003C6FB /* Build configuration list for PBXNativeTarget "BallRollingTests" */;
			buildPhases = (
				F0436235191783480003C6FB /* Sources */,
				F0436236191783480003C6FB /* Frameworks */,
				F0436237191783480003C6FB /* Resources */,
			);
			buildRules = (
			);
			dependencies = (
				F043623F191783480003C6FB /* PBXTargetDependency */,
			);
			name = BallRollingTests;
			productName = BallRollingTests;
			productReference = F0436239191783480003C6FB /* BallRollingTests.xctest */;
			productType = "com.apple.product-type.bundle.unit-test";
		};
/* End PBXNativeTarget section */

/* Begin PBXProject section */
		F0436210191783480003C6FB /* Project object */ = {
			isa = PBXProject;
			attributes = {
				LastUpgradeCheck = 0510;
				ORGANIZATIONNAME = lephuocdai;
				TargetAttributes = {
					F0436238191783480003C6FB = {
						TestTargetID = F0436217191783480003C6FB;
					};
				};
			};
			buildConfigurationList = F0436213191783480003C6FB /* Build configuration list for PBXProject "BallRolling" */;
			compatibilityVersion = "Xcode 3.2";
			developmentRegion = English;
			hasScannedForEncodings = 0;
			knownRegions = (
				en,
				Base,
			);
			mainGroup = F043620F191783480003C6FB;
			productRefGroup = F0436219191783480003C6FB /* Products */;
			projectDirPath = "";
			projectRoot = "";
			targets = (
				F0436217191783480003C6FB /* BallRolling */,
				F0436238191783480003C6FB /* BallRollingTests */,
			);
		};
/* End PBXProject section */

/* Begin PBXResourcesBuildPhase section */
		F0436216191783480003C6FB /* Resources */ = {
			isa = PBXResourcesBuildPhase;
			buildActionMask = 2147483647;
			files = (
				F0436261191783930003C6FB /* hit.png in Resources */,
				F0436234191783480003C6FB /* Images.xcassets in Resources */,
				F0436226191783480003C6FB /* InfoPlist.strings in Resources */,
				F043625D191783930003C6FB /* game_over.png in Resources */,
				F043625F191783930003C6FB /* Gem2.png in Resources */,
				F0436265191783930003C6FB /* sound-0001.caf in Resources */,
				F043625E191783930003C6FB /* gem.png in Resources */,
				F0436262191783930003C6FB /* icon.png in Resources */,
				F0436263191783930003C6FB /* pin.png in Resources */,
				F043625C191783930003C6FB /* base.png in Resources */,
				F0436260191783930003C6FB /* goal.png in Resources */,
				F0436264191783930003C6FB /* start.png in Resources */,
				F043622F191783480003C6FB /* Main.storyboard in Resources */,
			);
			runOnlyForDeploymentPostprocessing = 0;
		};
		F0436237191783480003C6FB /* Resources */ = {
			isa = PBXResourcesBuildPhase;
			buildActionMask = 2147483647;
			files = (
				F0436245191783490003C6FB /* InfoPlist.strings in Resources */,
			);
			runOnlyForDeploymentPostprocessing = 0;
		};
/* End PBXResourcesBuildPhase section */

/* Begin PBXSourcesBuildPhase section */
		F0436214191783480003C6FB /* Sources */ = {
			isa = PBXSourcesBuildPhase;
			buildActionMask = 2147483647;
			files = (
				F0436232191783480003C6FB /* ViewController.m in Sources */,
				F043622C191783480003C6FB /* AppDelegate.m in Sources */,
				F0436228191783480003C6FB /* main.m in Sources */,
			);
			runOnlyForDeploymentPostprocessing = 0;
		};
		F0436235191783480003C6FB /* Sources */ = {
			isa = PBXSourcesBuildPhase;
			buildActionMask = 2147483647;
			files = (
				F0436247191783490003C6FB /* BallRollingTests.m in Sources */,
			);
			runOnlyForDeploymentPostprocessing = 0;
		};
/* End PBXSourcesBuildPhase section */

/* Begin PBXTargetDependency section */
		F043623F191783480003C6FB /* PBXTargetDependency */ = {
			isa = PBXTargetDependency;
			target = F0436217191783480003C6FB /* BallRolling */;
			targetProxy = F043623E191783480003C6FB /* PBXContainerItemProxy */;
		};
/* End PBXTargetDependency section */

/* Begin PBXVariantGroup section */
		F0436224191783480003C6FB /* InfoPlist.strings */ = {
			isa = PBXVariantGroup;
			children = (
				F0436225191783480003C6FB /* en */,
			);
			name = InfoPlist.strings;
			sourceTree = "<group>";
		};
		F043622D191783480003C6FB /* Main.storyboard */ = {
			isa = PBXVariantGroup;
			children = (
				F043622E191783480003C6FB /* Base */,
			);
			name = Main.storyboard;
			sourceTree = "<group>";
		};
		F0436243191783490003C6FB /* InfoPlist.strings */ = {
			isa = PBXVariantGroup;
			children = (
				F0436244191783490003C6FB /* en */,
			);
			name = InfoPlist.strings;
			sourceTree = "<group>";
		};
/* End PBXVariantGroup section */

/* Begin XCBuildConfiguration section */
		F0436248191783490003C6FB /* Debug */ = {
			isa = XCBuildConfiguration;
			buildSettings = {
				ALWAYS_SEARCH_USER_PATHS = NO;
				CLANG_CXX_LANGUAGE_STANDARD = "gnu++0x";
				CLANG_CXX_LIBRARY = "libc++";
				CLANG_ENABLE_MODULES = YES;
				CLANG_ENABLE_OBJC_ARC = YES;
				CLANG_WARN_BOOL_CONVERSION = YES;
				CLANG_WARN_CONSTANT_CONVERSION = YES;
				CLANG_WARN_DIRECT_OBJC_ISA_USAGE = YES_ERROR;
				CLANG_WARN_EMPTY_BODY = YES;
				CLANG_WARN_ENUM_CONVERSION = YES;
				CLANG_WARN_INT_CONVERSION = YES;
				CLANG_WARN_OBJC_ROOT_CLASS = YES_ERROR;
				CLANG_WARN__DUPLICATE_METHOD_MATCH = YES;
				"CODE_SIGN_IDENTITY[sdk=iphoneos*]" = "iPhone Developer";
				COPY_PHASE_STRIP = NO;
				GCC_C_LANGUAGE_STANDARD = gnu99;
				GCC_DYNAMIC_NO_PIC = NO;
				GCC_OPTIMIZATION_LEVEL = 0;
				GCC_PREPROCESSOR_DEFINITIONS = (
					"DEBUG=1",
					"$(inherited)",
				);
				GCC_SYMBOLS_PRIVATE_EXTERN = NO;
				GCC_WARN_64_TO_32_BIT_CONVERSION = YES;
				GCC_WARN_ABOUT_RETURN_TYPE = YES_ERROR;
				GCC_WARN_UNDECLARED_SELECTOR = YES;
				GCC_WARN_UNINITIALIZED_AUTOS = YES_AGGRESSIVE;
				GCC_WARN_UNUSED_FUNCTION = YES;
				GCC_WARN_UNUSED_VARIABLE = YES;
				IPHONEOS_DEPLOYMENT_TARGET = 7.1;
				ONLY_ACTIVE_ARCH = YES;
				SDKROOT = iphoneos;
			};
			name = Debug;
		};
		F0436249191783490003C6FB /* Release */ = {
			isa = XCBuildConfiguration;
			buildSettings = {
				ALWAYS_SEARCH_USER_PATHS = NO;
				CLANG_CXX_LANGUAGE_STANDARD = "gnu++0x";
				CLANG_CXX_LIBRARY = "libc++";
				CLANG_ENABLE_MODULES = YES;
				CLANG_ENABLE_OBJC_ARC = YES;
				CLANG_WARN_BOOL_CONVERSION = YES;
				CLANG_WARN_CONSTANT_CONVERSION = YES;
				CLANG_WARN_DIRECT_OBJC_ISA_USAGE = YES_ERROR;
				CLANG_WARN_EMPTY_BODY = YES;
				CLANG_WARN_ENUM_CONVERSION = YES;
				CLANG_WARN_INT_CONVERSION = YES;
				CLANG_WARN_OBJC_ROOT_CLASS = YES_ERROR;
				CLANG_WARN__DUPLICATE_METHOD_MATCH = YES;
				"CODE_SIGN_IDENTITY[sdk=iphoneos*]" = "iPhone Developer";
				COPY_PHASE_STRIP = YES;
				ENABLE_NS_ASSERTIONS = NO;
				GCC_C_LANGUAGE_STANDARD = gnu99;
				GCC_WARN_64_TO_32_BIT_CONVERSION = YES;
				GCC_WARN_ABOUT_RETURN_TYPE = YES_ERROR;
				GCC_WARN_UNDECLARED_SELECTOR = YES;
				GCC_WARN_UNINITIALIZED_AUTOS = YES_AGGRESSIVE;
				GCC_WARN_UNUSED_FUNCTION = YES;
				GCC_WARN_UNUSED_VARIABLE = YES;
				IPHONEOS_DEPLOYMENT_TARGET = 7.1;
				SDKROOT = iphoneos;
				VALIDATE_PRODUCT = YES;
			};
			name = Release;
		};
		F043624B191783490003C6FB /* Debug */ = {
			isa = XCBuildConfiguration;
			buildSettings = {
				ASSETCATALOG_COMPILER_APPICON_NAME = AppIcon;
				ASSETCATALOG_COMPILER_LAUNCHIMAGE_NAME = LaunchImage;
				GCC_PRECOMPILE_PREFIX_HEADER = YES;
				GCC_PREFIX_HEADER = "BallRolling/BallRolling-Prefix.pch";
				INFOPLIST_FILE = "BallRolling/BallRolling-Info.plist";
				PRODUCT_NAME = "$(TARGET_NAME)";
				WRAPPER_EXTENSION = app;
			};
			name = Debug;
		};
		F043624C191783490003C6FB /* Release */ = {
			isa = XCBuildConfiguration;
			buildSettings = {
				ASSETCATALOG_COMPILER_APPICON_NAME = AppIcon;
				ASSETCATALOG_COMPILER_LAUNCHIMAGE_NAME = LaunchImage;
				GCC_PRECOMPILE_PREFIX_HEADER = YES;
				GCC_PREFIX_HEADER = "BallRolling/BallRolling-Prefix.pch";
				INFOPLIST_FILE = "BallRolling/BallRolling-Info.plist";
				PRODUCT_NAME = "$(TARGET_NAME)";
				WRAPPER_EXTENSION = app;
			};
			name = Release;
		};
		F043624E191783490003C6FB /* Debug */ = {
			isa = XCBuildConfiguration;
			buildSettings = {
				BUNDLE_LOADER = "$(BUILT_PRODUCTS_DIR)/BallRolling.app/BallRolling";
				FRAMEWORK_SEARCH_PATHS = (
					"$(SDKROOT)/Developer/Library/Frameworks",
					"$(inherited)",
					"$(DEVELOPER_FRAMEWORKS_DIR)",
				);
				GCC_PRECOMPILE_PREFIX_HEADER = YES;
				GCC_PREFIX_HEADER = "BallRolling/BallRolling-Prefix.pch";
				GCC_PREPROCESSOR_DEFINITIONS = (
					"DEBUG=1",
					"$(inherited)",
				);
				INFOPLIST_FILE = "BallRollingTests/BallRollingTests-Info.plist";
				PRODUCT_NAME = "$(TARGET_NAME)";
				TEST_HOST = "$(BUNDLE_LOADER)";
				WRAPPER_EXTENSION = xctest;
			};
			name = Debug;
		};
		F043624F191783490003C6FB /* Release */ = {
			isa = XCBuildConfiguration;
			buildSettings = {
				BUNDLE_LOADER = "$(BUILT_PRODUCTS_DIR)/BallRolling.app/BallRolling";
				FRAMEWORK_SEARCH_PATHS = (
					"$(SDKROOT)/Developer/Library/Frameworks",
					"$(inherited)",
					"$(DEVELOPER_FRAMEWORKS_DIR)",
				);
				GCC_PRECOMPILE_PREFIX_HEADER = YES;
				GCC_PREFIX_HEADER = "BallRolling/BallRolling-Prefix.pch";
				INFOPLIST_FILE = "BallRollingTests/BallRollingTests-Info.plist";
				PRODUCT_NAME = "$(TARGET_NAME)";
				TEST_HOST = "$(BUNDLE_LOADER)";
				WRAPPER_EXTENSION = xctest;
			};
			name = Release;
		};
/* End XCBuildConfiguration section */

/* Begin XCConfigurationList section */
		F0436213191783480003C6FB /* Build configuration list for PBXProject "BallRolling" */ = {
			isa = XCConfigurationList;
			buildConfigurations = (
				F0436248191783490003C6FB /* Debug */,
				F0436249191783490003C6FB /* Release */,
			);
			defaultConfigurationIsVisible = 0;
			defaultConfigurationName = Release;
		};
		F043624A191783490003C6FB /* Build configuration list for PBXNativeTarget "BallRolling" */ = {
			isa = XCConfigurationList;
			buildConfigurations = (
				F043624B191783490003C6FB /* Debug */,
				F043624C191783490003C6FB /* Release */,
			);
			defaultConfigurationIsVisible = 0;
		};
		F043624D191783490003C6FB /* Build configuration list for PBXNativeTarget "BallRollingTests" */ = {
			isa = XCConfigurationList;
			buildConfigurations = (
				F043624E191783490003C6FB /* Debug */,
				F043624F191783490003C6FB /* Release */,
			);
			defaultConfigurationIsVisible = 0;
		};
/* End XCConfigurationList section */
	};
	rootObject = F0436210191783480003C6FB /* Project object */;
}
