// !$*UTF8*$!
{
	archiveVersion = 1;
	classes = {
	};
	objectVersion = 46;
	objects = {

/* Begin PBXBuildFile section */
		F0BB8FE71931A815001FCF16 /* Foundation.framework in Frameworks */ = {isa = PBXBuildFile; fileRef = F0BB8FE61931A815001FCF16 /* Foundation.framework */; };
		F0BB8FE91931A815001FCF16 /* CoreGraphics.framework in Frameworks */ = {isa = PBXBuildFile; fileRef = F0BB8FE81931A815001FCF16 /* CoreGraphics.framework */; };
		F0BB8FEB1931A815001FCF16 /* UIKit.framework in Frameworks */ = {isa = PBXBuildFile; fileRef = F0BB8FEA1931A815001FCF16 /* UIKit.framework */; };
		F0BB8FF11931A815001FCF16 /* InfoPlist.strings in Resources */ = {isa = PBXBuildFile; fileRef = F0BB8FEF1931A815001FCF16 /* InfoPlist.strings */; };
		F0BB8FF31931A815001FCF16 /* main.m in Sources */ = {isa = PBXBuildFile; fileRef = F0BB8FF21931A815001FCF16 /* main.m */; };
		F0BB8FF71931A815001FCF16 /* AppDelegate.m in Sources */ = {isa = PBXBuildFile; fileRef = F0BB8FF61931A815001FCF16 /* AppDelegate.m */; };
		F0BB8FFA1931A815001FCF16 /* Main.storyboard in Resources */ = {isa = PBXBuildFile; fileRef = F0BB8FF81931A815001FCF16 /* Main.storyboard */; };
		F0BB8FFD1931A815001FCF16 /* ViewController.m in Sources */ = {isa = PBXBuildFile; fileRef = F0BB8FFC1931A815001FCF16 /* ViewController.m */; };
		F0BB8FFF1931A815001FCF16 /* Images.xcassets in Resources */ = {isa = PBXBuildFile; fileRef = F0BB8FFE1931A815001FCF16 /* Images.xcassets */; };
		F0BB90061931A815001FCF16 /* XCTest.framework in Frameworks */ = {isa = PBXBuildFile; fileRef = F0BB90051931A815001FCF16 /* XCTest.framework */; };
		F0BB90071931A815001FCF16 /* Foundation.framework in Frameworks */ = {isa = PBXBuildFile; fileRef = F0BB8FE61931A815001FCF16 /* Foundation.framework */; };
		F0BB90081931A815001FCF16 /* UIKit.framework in Frameworks */ = {isa = PBXBuildFile; fileRef = F0BB8FEA1931A815001FCF16 /* UIKit.framework */; };
		F0BB90101931A815001FCF16 /* InfoPlist.strings in Resources */ = {isa = PBXBuildFile; fileRef = F0BB900E1931A815001FCF16 /* InfoPlist.strings */; };
		F0BB90121931A815001FCF16 /* GestureFormTests.m in Sources */ = {isa = PBXBuildFile; fileRef = F0BB90111931A815001FCF16 /* GestureFormTests.m */; };
		F0BB901D1931A8C7001FCF16 /* SecondViewController.m in Sources */ = {isa = PBXBuildFile; fileRef = F0BB901C1931A8C7001FCF16 /* SecondViewController.m */; };
		F0BB90201931A8D5001FCF16 /* ThirdViewController.m in Sources */ = {isa = PBXBuildFile; fileRef = F0BB901F1931A8D5001FCF16 /* ThirdViewController.m */; };
/* End PBXBuildFile section */

/* Begin PBXContainerItemProxy section */
		F0BB90091931A815001FCF16 /* PBXContainerItemProxy */ = {
			isa = PBXContainerItemProxy;
			containerPortal = F0BB8FDB1931A815001FCF16 /* Project object */;
			proxyType = 1;
			remoteGlobalIDString = F0BB8FE21931A815001FCF16;
			remoteInfo = GestureForm;
		};
/* End PBXContainerItemProxy section */

/* Begin PBXFileReference section */
		F0BB8FE31931A815001FCF16 /* GestureForm.app */ = {isa = PBXFileReference; explicitFileType = wrapper.application; includeInIndex = 0; path = GestureForm.app; sourceTree = BUILT_PRODUCTS_DIR; };
		F0BB8FE61931A815001FCF16 /* Foundation.framework */ = {isa = PBXFileReference; lastKnownFileType = wrapper.framework; name = Foundation.framework; path = System/Library/Frameworks/Foundation.framework; sourceTree = SDKROOT; };
		F0BB8FE81931A815001FCF16 /* CoreGraphics.framework */ = {isa = PBXFileReference; lastKnownFileType = wrapper.framework; name = CoreGraphics.framework; path = System/Library/Frameworks/CoreGraphics.framework; sourceTree = SDKROOT; };
		F0BB8FEA1931A815001FCF16 /* UIKit.framework */ = {isa = PBXFileReference; lastKnownFileType = wrapper.framework; name = UIKit.framework; path = System/Library/Frameworks/UIKit.framework; sourceTree = SDKROOT; };
		F0BB8FEE1931A815001FCF16 /* GestureForm-Info.plist */ = {isa = PBXFileReference; lastKnownFileType = text.plist.xml; path = "GestureForm-Info.plist"; sourceTree = "<group>"; };
		F0BB8FF01931A815001FCF16 /* en */ = {isa = PBXFileReference; lastKnownFileType = text.plist.strings; name = en; path = en.lproj/InfoPlist.strings; sourceTree = "<group>"; };
		F0BB8FF21931A815001FCF16 /* main.m */ = {isa = PBXFileReference; lastKnownFileType = sourcecode.c.objc; path = main.m; sourceTree = "<group>"; };
		F0BB8FF41931A815001FCF16 /* GestureForm-Prefix.pch */ = {isa = PBXFileReference; lastKnownFileType = sourcecode.c.h; path = "GestureForm-Prefix.pch"; sourceTree = "<group>"; };
		F0BB8FF51931A815001FCF16 /* AppDelegate.h */ = {isa = PBXFileReference; lastKnownFileType = sourcecode.c.h; path = AppDelegate.h; sourceTree = "<group>"; };
		F0BB8FF61931A815001FCF16 /* AppDelegate.m */ = {isa = PBXFileReference; lastKnownFileType = sourcecode.c.objc; path = AppDelegate.m; sourceTree = "<group>"; };
		F0BB8FF91931A815001FCF16 /* Base */ = {isa = PBXFileReference; lastKnownFileType = file.storyboard; name = Base; path = Base.lproj/Main.storyboard; sourceTree = "<group>"; };
		F0BB8FFB1931A815001FCF16 /* ViewController.h */ = {isa = PBXFileReference; lastKnownFileType = sourcecode.c.h; path = ViewController.h; sourceTree = "<group>"; };
		F0BB8FFC1931A815001FCF16 /* ViewController.m */ = {isa = PBXFileReference; lastKnownFileType = sourcecode.c.objc; path = ViewController.m; sourceTree = "<group>"; };
		F0BB8FFE1931A815001FCF16 /* Images.xcassets */ = {isa = PBXFileReference; lastKnownFileType = folder.assetcatalog; path = Images.xcassets; sourceTree = "<group>"; };
		F0BB90041931A815001FCF16 /* GestureFormTests.xctest */ = {isa = PBXFileReference; explicitFileType = wrapper.cfbundle; includeInIndex = 0; path = GestureFormTests.xctest; sourceTree = BUILT_PRODUCTS_DIR; };
		F0BB90051931A815001FCF16 /* XCTest.framework */ = {isa = PBXFileReference; lastKnownFileType = wrapper.framework; name = XCTest.framework; path = Library/Frameworks/XCTest.framework; sourceTree = DEVELOPER_DIR; };
		F0BB900D1931A815001FCF16 /* GestureFormTests-Info.plist */ = {isa = PBXFileReference; lastKnownFileType = text.plist.xml; path = "GestureFormTests-Info.plist"; sourceTree = "<group>"; };
		F0BB900F1931A815001FCF16 /* en */ = {isa = PBXFileReference; lastKnownFileType = text.plist.strings; name = en; path = en.lproj/InfoPlist.strings; sourceTree = "<group>"; };
		F0BB90111931A815001FCF16 /* GestureFormTests.m */ = {isa = PBXFileReference; lastKnownFileType = sourcecode.c.objc; path = GestureFormTests.m; sourceTree = "<group>"; };
		F0BB901B1931A8C7001FCF16 /* SecondViewController.h */ = {isa = PBXFileReference; fileEncoding = 4; lastKnownFileType = sourcecode.c.h; path = SecondViewController.h; sourceTree = "<group>"; };
		F0BB901C1931A8C7001FCF16 /* SecondViewController.m */ = {isa = PBXFileReference; fileEncoding = 4; lastKnownFileType = sourcecode.c.objc; path = SecondViewController.m; sourceTree = "<group>"; };
		F0BB901E1931A8D4001FCF16 /* ThirdViewController.h */ = {isa = PBXFileReference; fileEncoding = 4; lastKnownFileType = sourcecode.c.h; path = ThirdViewController.h; sourceTree = "<group>"; };
		F0BB901F1931A8D5001FCF16 /* ThirdViewController.m */ = {isa = PBXFileReference; fileEncoding = 4; lastKnownFileType = sourcecode.c.objc; path = ThirdViewController.m; sourceTree = "<group>"; };
/* End PBXFileReference section */

/* Begin PBXFrameworksBuildPhase section */
		F0BB8FE01931A815001FCF16 /* Frameworks */ = {
			isa = PBXFrameworksBuildPhase;
			buildActionMask = 2147483647;
			files = (
				F0BB8FE91931A815001FCF16 /* CoreGraphics.framework in Frameworks */,
				F0BB8FEB1931A815001FCF16 /* UIKit.framework in Frameworks */,
				F0BB8FE71931A815001FCF16 /* Foundation.framework in Frameworks */,
			);
			runOnlyForDeploymentPostprocessing = 0;
		};
		F0BB90011931A815001FCF16 /* Frameworks */ = {
			isa = PBXFrameworksBuildPhase;
			buildActionMask = 2147483647;
			files = (
				F0BB90061931A815001FCF16 /* XCTest.framework in Frameworks */,
				F0BB90081931A815001FCF16 /* UIKit.framework in Frameworks */,
				F0BB90071931A815001FCF16 /* Foundation.framework in Frameworks */,
			);
			runOnlyForDeploymentPostprocessing = 0;
		};
/* End PBXFrameworksBuildPhase section */

/* Begin PBXGroup section */
		F0BB8FDA1931A815001FCF16 = {
			isa = PBXGroup;
			children = (
				F0BB8FEC1931A815001FCF16 /* GestureForm */,
				F0BB900B1931A815001FCF16 /* GestureFormTests */,
				F0BB8FE51931A815001FCF16 /* Frameworks */,
				F0BB8FE41931A815001FCF16 /* Products */,
			);
			sourceTree = "<group>";
		};
		F0BB8FE41931A815001FCF16 /* Products */ = {
			isa = PBXGroup;
			children = (
				F0BB8FE31931A815001FCF16 /* GestureForm.app */,
				F0BB90041931A815001FCF16 /* GestureFormTests.xctest */,
			);
			name = Products;
			sourceTree = "<group>";
		};
		F0BB8FE51931A815001FCF16 /* Frameworks */ = {
			isa = PBXGroup;
			children = (
				F0BB8FE61931A815001FCF16 /* Foundation.framework */,
				F0BB8FE81931A815001FCF16 /* CoreGraphics.framework */,
				F0BB8FEA1931A815001FCF16 /* UIKit.framework */,
				F0BB90051931A815001FCF16 /* XCTest.framework */,
			);
			name = Frameworks;
			sourceTree = "<group>";
		};
		F0BB8FEC1931A815001FCF16 /* GestureForm */ = {
			isa = PBXGroup;
			children = (
				F0BB8FF51931A815001FCF16 /* AppDelegate.h */,
				F0BB8FF61931A815001FCF16 /* AppDelegate.m */,
				F0BB8FF81931A815001FCF16 /* Main.storyboard */,
				F0BB8FFB1931A815001FCF16 /* ViewController.h */,
				F0BB8FFC1931A815001FCF16 /* ViewController.m */,
				F0BB8FFE1931A815001FCF16 /* Images.xcassets */,
				F0BB8FED1931A815001FCF16 /* Supporting Files */,
				F0BB901B1931A8C7001FCF16 /* SecondViewController.h */,
				F0BB901C1931A8C7001FCF16 /* SecondViewController.m */,
				F0BB901E1931A8D4001FCF16 /* ThirdViewController.h */,
				F0BB901F1931A8D5001FCF16 /* ThirdViewController.m */,
			);
			path = GestureForm;
			sourceTree = "<group>";
		};
		F0BB8FED1931A815001FCF16 /* Supporting Files */ = {
			isa = PBXGroup;
			children = (
				F0BB8FEE1931A815001FCF16 /* GestureForm-Info.plist */,
				F0BB8FEF1931A815001FCF16 /* InfoPlist.strings */,
				F0BB8FF21931A815001FCF16 /* main.m */,
				F0BB8FF41931A815001FCF16 /* GestureForm-Prefix.pch */,
			);
			name = "Supporting Files";
			sourceTree = "<group>";
		};
		F0BB900B1931A815001FCF16 /* GestureFormTests */ = {
			isa = PBXGroup;
			children = (
				F0BB90111931A815001FCF16 /* GestureFormTests.m */,
				F0BB900C1931A815001FCF16 /* Supporting Files */,
			);
			path = GestureFormTests;
			sourceTree = "<group>";
		};
		F0BB900C1931A815001FCF16 /* Supporting Files */ = {
			isa = PBXGroup;
			children = (
				F0BB900D1931A815001FCF16 /* GestureFormTests-Info.plist */,
				F0BB900E1931A815001FCF16 /* InfoPlist.strings */,
			);
			name = "Supporting Files";
			sourceTree = "<group>";
		};
/* End PBXGroup section */

/* Begin PBXNativeTarget section */
		F0BB8FE21931A815001FCF16 /* GestureForm */ = {
			isa = PBXNativeTarget;
			buildConfigurationList = F0BB90151931A815001FCF16 /* Build configuration list for PBXNativeTarget "GestureForm" */;
			buildPhases = (
				F0BB8FDF1931A815001FCF16 /* Sources */,
				F0BB8FE01931A815001FCF16 /* Frameworks */,
				F0BB8FE11931A815001FCF16 /* Resources */,
			);
			buildRules = (
			);
			dependencies = (
			);
			name = GestureForm;
			productName = GestureForm;
			productReference = F0BB8FE31931A815001FCF16 /* GestureForm.app */;
			productType = "com.apple.product-type.application";
		};
		F0BB90031931A815001FCF16 /* GestureFormTests */ = {
			isa = PBXNativeTarget;
			buildConfigurationList = F0BB90181931A815001FCF16 /* Build configuration list for PBXNativeTarget "GestureFormTests" */;
			buildPhases = (
				F0BB90001931A815001FCF16 /* Sources */,
				F0BB90011931A815001FCF16 /* Frameworks */,
				F0BB90021931A815001FCF16 /* Resources */,
			);
			buildRules = (
			);
			dependencies = (
				F0BB900A1931A815001FCF16 /* PBXTargetDependency */,
			);
			name = GestureFormTests;
			productName = GestureFormTests;
			productReference = F0BB90041931A815001FCF16 /* GestureFormTests.xctest */;
			productType = "com.apple.product-type.bundle.unit-test";
		};
/* End PBXNativeTarget section */

/* Begin PBXProject section */
		F0BB8FDB1931A815001FCF16 /* Project object */ = {
			isa = PBXProject;
			attributes = {
				LastUpgradeCheck = 0510;
				ORGANIZATIONNAME = lephuocdai;
				TargetAttributes = {
					F0BB90031931A815001FCF16 = {
						TestTargetID = F0BB8FE21931A815001FCF16;
					};
				};
			};
			buildConfigurationList = F0BB8FDE1931A815001FCF16 /* Build configuration list for PBXProject "GestureForm" */;
			compatibilityVersion = "Xcode 3.2";
			developmentRegion = English;
			hasScannedForEncodings = 0;
			knownRegions = (
				en,
				Base,
			);
			mainGroup = F0BB8FDA1931A815001FCF16;
			productRefGroup = F0BB8FE41931A815001FCF16 /* Products */;
			projectDirPath = "";
			projectRoot = "";
			targets = (
				F0BB8FE21931A815001FCF16 /* GestureForm */,
				F0BB90031931A815001FCF16 /* GestureFormTests */,
			);
		};
/* End PBXProject section */

/* Begin PBXResourcesBuildPhase section */
		F0BB8FE11931A815001FCF16 /* Resources */ = {
			isa = PBXResourcesBuildPhase;
			buildActionMask = 2147483647;
			files = (
				F0BB8FFF1931A815001FCF16 /* Images.xcassets in Resources */,
				F0BB8FF11931A815001FCF16 /* InfoPlist.strings in Resources */,
				F0BB8FFA1931A815001FCF16 /* Main.storyboard in Resources */,
			);
			runOnlyForDeploymentPostprocessing = 0;
		};
		F0BB90021931A815001FCF16 /* Resources */ = {
			isa = PBXResourcesBuildPhase;
			buildActionMask = 2147483647;
			files = (
				F0BB90101931A815001FCF16 /* InfoPlist.strings in Resources */,
			);
			runOnlyForDeploymentPostprocessing = 0;
		};
/* End PBXResourcesBuildPhase section */

/* Begin PBXSourcesBuildPhase section */
		F0BB8FDF1931A815001FCF16 /* Sources */ = {
			isa = PBXSourcesBuildPhase;
			buildActionMask = 2147483647;
			files = (
				F0BB901D1931A8C7001FCF16 /* SecondViewController.m in Sources */,
				F0BB90201931A8D5001FCF16 /* ThirdViewController.m in Sources */,
				F0BB8FFD1931A815001FCF16 /* ViewController.m in Sources */,
				F0BB8FF71931A815001FCF16 /* AppDelegate.m in Sources */,
				F0BB8FF31931A815001FCF16 /* main.m in Sources */,
			);
			runOnlyForDeploymentPostprocessing = 0;
		};
		F0BB90001931A815001FCF16 /* Sources */ = {
			isa = PBXSourcesBuildPhase;
			buildActionMask = 2147483647;
			files = (
				F0BB90121931A815001FCF16 /* GestureFormTests.m in Sources */,
			);
			runOnlyForDeploymentPostprocessing = 0;
		};
/* End PBXSourcesBuildPhase section */

/* Begin PBXTargetDependency section */
		F0BB900A1931A815001FCF16 /* PBXTargetDependency */ = {
			isa = PBXTargetDependency;
			target = F0BB8FE21931A815001FCF16 /* GestureForm */;
			targetProxy = F0BB90091931A815001FCF16 /* PBXContainerItemProxy */;
		};
/* End PBXTargetDependency section */

/* Begin PBXVariantGroup section */
		F0BB8FEF1931A815001FCF16 /* InfoPlist.strings */ = {
			isa = PBXVariantGroup;
			children = (
				F0BB8FF01931A815001FCF16 /* en */,
			);
			name = InfoPlist.strings;
			sourceTree = "<group>";
		};
		F0BB8FF81931A815001FCF16 /* Main.storyboard */ = {
			isa = PBXVariantGroup;
			children = (
				F0BB8FF91931A815001FCF16 /* Base */,
			);
			name = Main.storyboard;
			sourceTree = "<group>";
		};
		F0BB900E1931A815001FCF16 /* InfoPlist.strings */ = {
			isa = PBXVariantGroup;
			children = (
				F0BB900F1931A815001FCF16 /* en */,
			);
			name = InfoPlist.strings;
			sourceTree = "<group>";
		};
/* End PBXVariantGroup section */

/* Begin XCBuildConfiguration section */
		F0BB90131931A815001FCF16 /* Debug */ = {
			isa = XCBuildConfiguration;
			buildSettings = {
				ALWAYS_SEARCH_USER_PATHS = NO;
				CLANG_CXX_LANGUAGE_STANDARD = "gnu++0x";
				CLANG_CXX_LIBRARY = "libc++";
				CLANG_ENABLE_MODULES = YES;
				CLANG_ENABLE_OBJC_ARC = YES;
				CLANG_WARN_BOOL_CONVERSION = YES;
				CLANG_WARN_CONSTANT_CONVERSION = YES;
				CLANG_WARN_DIRECT_OBJC_ISA_USAGE = YES_ERROR;
				CLANG_WARN_EMPTY_BODY = YES;
				CLANG_WARN_ENUM_CONVERSION = YES;
				CLANG_WARN_INT_CONVERSION = YES;
				CLANG_WARN_OBJC_ROOT_CLASS = YES_ERROR;
				CLANG_WARN__DUPLICATE_METHOD_MATCH = YES;
				"CODE_SIGN_IDENTITY[sdk=iphoneos*]" = "iPhone Developer";
				COPY_PHASE_STRIP = NO;
				GCC_C_LANGUAGE_STANDARD = gnu99;
				GCC_DYNAMIC_NO_PIC = NO;
				GCC_OPTIMIZATION_LEVEL = 0;
				GCC_PREPROCESSOR_DEFINITIONS = (
					"DEBUG=1",
					"$(inherited)",
				);
				GCC_SYMBOLS_PRIVATE_EXTERN = NO;
				GCC_WARN_64_TO_32_BIT_CONVERSION = YES;
				GCC_WARN_ABOUT_RETURN_TYPE = YES_ERROR;
				GCC_WARN_UNDECLARED_SELECTOR = YES;
				GCC_WARN_UNINITIALIZED_AUTOS = YES_AGGRESSIVE;
				GCC_WARN_UNUSED_FUNCTION = YES;
				GCC_WARN_UNUSED_VARIABLE = YES;
				IPHONEOS_DEPLOYMENT_TARGET = 7.1;
				ONLY_ACTIVE_ARCH = YES;
				SDKROOT = iphoneos;
			};
			name = Debug;
		};
		F0BB90141931A815001FCF16 /* Release */ = {
			isa = XCBuildConfiguration;
			buildSettings = {
				ALWAYS_SEARCH_USER_PATHS = NO;
				CLANG_CXX_LANGUAGE_STANDARD = "gnu++0x";
				CLANG_CXX_LIBRARY = "libc++";
				CLANG_ENABLE_MODULES = YES;
				CLANG_ENABLE_OBJC_ARC = YES;
				CLANG_WARN_BOOL_CONVERSION = YES;
				CLANG_WARN_CONSTANT_CONVERSION = YES;
				CLANG_WARN_DIRECT_OBJC_ISA_USAGE = YES_ERROR;
				CLANG_WARN_EMPTY_BODY = YES;
				CLANG_WARN_ENUM_CONVERSION = YES;
				CLANG_WARN_INT_CONVERSION = YES;
				CLANG_WARN_OBJC_ROOT_CLASS = YES_ERROR;
				CLANG_WARN__DUPLICATE_METHOD_MATCH = YES;
				"CODE_SIGN_IDENTITY[sdk=iphoneos*]" = "iPhone Developer";
				COPY_PHASE_STRIP = YES;
				ENABLE_NS_ASSERTIONS = NO;
				GCC_C_LANGUAGE_STANDARD = gnu99;
				GCC_WARN_64_TO_32_BIT_CONVERSION = YES;
				GCC_WARN_ABOUT_RETURN_TYPE = YES_ERROR;
				GCC_WARN_UNDECLARED_SELECTOR = YES;
				GCC_WARN_UNINITIALIZED_AUTOS = YES_AGGRESSIVE;
				GCC_WARN_UNUSED_FUNCTION = YES;
				GCC_WARN_UNUSED_VARIABLE = YES;
				IPHONEOS_DEPLOYMENT_TARGET = 7.1;
				SDKROOT = iphoneos;
				VALIDATE_PRODUCT = YES;
			};
			name = Release;
		};
		F0BB90161931A815001FCF16 /* Debug */ = {
			isa = XCBuildConfiguration;
			buildSettings = {
				ASSETCATALOG_COMPILER_APPICON_NAME = AppIcon;
				ASSETCATALOG_COMPILER_LAUNCHIMAGE_NAME = LaunchImage;
				GCC_PRECOMPILE_PREFIX_HEADER = YES;
				GCC_PREFIX_HEADER = "GestureForm/GestureForm-Prefix.pch";
				INFOPLIST_FILE = "GestureForm/GestureForm-Info.plist";
				PRODUCT_NAME = "$(TARGET_NAME)";
				WRAPPER_EXTENSION = app;
			};
			name = Debug;
		};
		F0BB90171931A815001FCF16 /* Release */ = {
			isa = XCBuildConfiguration;
			buildSettings = {
				ASSETCATALOG_COMPILER_APPICON_NAME = AppIcon;
				ASSETCATALOG_COMPILER_LAUNCHIMAGE_NAME = LaunchImage;
				GCC_PRECOMPILE_PREFIX_HEADER = YES;
				GCC_PREFIX_HEADER = "GestureForm/GestureForm-Prefix.pch";
				INFOPLIST_FILE = "GestureForm/GestureForm-Info.plist";
				PRODUCT_NAME = "$(TARGET_NAME)";
				WRAPPER_EXTENSION = app;
			};
			name = Release;
		};
		F0BB90191931A815001FCF16 /* Debug */ = {
			isa = XCBuildConfiguration;
			buildSettings = {
				BUNDLE_LOADER = "$(BUILT_PRODUCTS_DIR)/GestureForm.app/GestureForm";
				FRAMEWORK_SEARCH_PATHS = (
					"$(SDKROOT)/Developer/Library/Frameworks",
					"$(inherited)",
					"$(DEVELOPER_FRAMEWORKS_DIR)",
				);
				GCC_PRECOMPILE_PREFIX_HEADER = YES;
				GCC_PREFIX_HEADER = "GestureForm/GestureForm-Prefix.pch";
				GCC_PREPROCESSOR_DEFINITIONS = (
					"DEBUG=1",
					"$(inherited)",
				);
				INFOPLIST_FILE = "GestureFormTests/GestureFormTests-Info.plist";
				PRODUCT_NAME = "$(TARGET_NAME)";
				TEST_HOST = "$(BUNDLE_LOADER)";
				WRAPPER_EXTENSION = xctest;
			};
			name = Debug;
		};
		F0BB901A1931A815001FCF16 /* Release */ = {
			isa = XCBuildConfiguration;
			buildSettings = {
				BUNDLE_LOADER = "$(BUILT_PRODUCTS_DIR)/GestureForm.app/GestureForm";
				FRAMEWORK_SEARCH_PATHS = (
					"$(SDKROOT)/Developer/Library/Frameworks",
					"$(inherited)",
					"$(DEVELOPER_FRAMEWORKS_DIR)",
				);
				GCC_PRECOMPILE_PREFIX_HEADER = YES;
				GCC_PREFIX_HEADER = "GestureForm/GestureForm-Prefix.pch";
				INFOPLIST_FILE = "GestureFormTests/GestureFormTests-Info.plist";
				PRODUCT_NAME = "$(TARGET_NAME)";
				TEST_HOST = "$(BUNDLE_LOADER)";
				WRAPPER_EXTENSION = xctest;
			};
			name = Release;
		};
/* End XCBuildConfiguration section */

/* Begin XCConfigurationList section */
		F0BB8FDE1931A815001FCF16 /* Build configuration list for PBXProject "GestureForm" */ = {
			isa = XCConfigurationList;
			buildConfigurations = (
				F0BB90131931A815001FCF16 /* Debug */,
				F0BB90141931A815001FCF16 /* Release */,
			);
			defaultConfigurationIsVisible = 0;
			defaultConfigurationName = Release;
		};
		F0BB90151931A815001FCF16 /* Build configuration list for PBXNativeTarget "GestureForm" */ = {
			isa = XCConfigurationList;
			buildConfigurations = (
				F0BB90161931A815001FCF16 /* Debug */,
				F0BB90171931A815001FCF16 /* Release */,
			);
			defaultConfigurationIsVisible = 0;
		};
		F0BB90181931A815001FCF16 /* Build configuration list for PBXNativeTarget "GestureFormTests" */ = {
			isa = XCConfigurationList;
			buildConfigurations = (
				F0BB90191931A815001FCF16 /* Debug */,
				F0BB901A1931A815001FCF16 /* Release */,
			);
			defaultConfigurationIsVisible = 0;
		};
/* End XCConfigurationList section */
	};
	rootObject = F0BB8FDB1931A815001FCF16 /* Project object */;
}
